// !$*UTF8*$!
{
	archiveVersion = 1;
	classes = {
	};
	objectVersion = 46;
	objects = {

/* Begin PBXBuildFile section */
		7A967EAE1CE66FFD000FBB2F /* AppDelegate.swift in Sources */ = {isa = PBXBuildFile; fileRef = 7A967EAD1CE66FFD000FBB2F /* AppDelegate.swift */; };
		7A967EB01CE66FFD000FBB2F /* ViewController.swift in Sources */ = {isa = PBXBuildFile; fileRef = 7A967EAF1CE66FFD000FBB2F /* ViewController.swift */; };
		7A967EB31CE66FFD000FBB2F /* Main.storyboard in Resources */ = {isa = PBXBuildFile; fileRef = 7A967EB11CE66FFD000FBB2F /* Main.storyboard */; };
		7A967EB51CE66FFD000FBB2F /* Assets.xcassets in Resources */ = {isa = PBXBuildFile; fileRef = 7A967EB41CE66FFD000FBB2F /* Assets.xcassets */; };
		7A967EB81CE66FFD000FBB2F /* LaunchScreen.storyboard in Resources */ = {isa = PBXBuildFile; fileRef = 7A967EB61CE66FFD000FBB2F /* LaunchScreen.storyboard */; };
		7A967EC31CE66FFD000FBB2F /* MusicVideoTests.swift in Sources */ = {isa = PBXBuildFile; fileRef = 7A967EC21CE66FFD000FBB2F /* MusicVideoTests.swift */; };
		7A967ECE1CE66FFD000FBB2F /* MusicVideoUITests.swift in Sources */ = {isa = PBXBuildFile; fileRef = 7A967ECD1CE66FFD000FBB2F /* MusicVideoUITests.swift */; };
		7A967EE01CE7049D000FBB2F /* APIManager.swift in Sources */ = {isa = PBXBuildFile; fileRef = 7A967EDF1CE7049D000FBB2F /* APIManager.swift */; };
		7A967EE31CE7119F000FBB2F /* Constants.swift in Sources */ = {isa = PBXBuildFile; fileRef = 7A967EE21CE7119F000FBB2F /* Constants.swift */; };
		7A967EE51CE71340000FBB2F /* MusicVideo.swift in Sources */ = {isa = PBXBuildFile; fileRef = 7A967EE41CE71340000FBB2F /* MusicVideo.swift */; };
		7A967EEA1CE72571000FBB2F /* Reachability.m in Sources */ = {isa = PBXBuildFile; fileRef = 7A967EE91CE72571000FBB2F /* Reachability.m */; };
		7A967EEC1CE73EDF000FBB2F /* MusicVideoTVC.swift in Sources */ = {isa = PBXBuildFile; fileRef = 7A967EEB1CE73EDF000FBB2F /* MusicVideoTVC.swift */; };
		7A967EEE1CE7563A000FBB2F /* MusicVideoTableViewCell.swift in Sources */ = {isa = PBXBuildFile; fileRef = 7A967EED1CE7563A000FBB2F /* MusicVideoTableViewCell.swift */; };
/* End PBXBuildFile section */

/* Begin PBXContainerItemProxy section */
		7A967EBF1CE66FFD000FBB2F /* PBXContainerItemProxy */ = {
			isa = PBXContainerItemProxy;
			containerPortal = 7A967EA21CE66FFD000FBB2F /* Project object */;
			proxyType = 1;
			remoteGlobalIDString = 7A967EA91CE66FFD000FBB2F;
			remoteInfo = MusicVideo;
		};
		7A967ECA1CE66FFD000FBB2F /* PBXContainerItemProxy */ = {
			isa = PBXContainerItemProxy;
			containerPortal = 7A967EA21CE66FFD000FBB2F /* Project object */;
			proxyType = 1;
			remoteGlobalIDString = 7A967EA91CE66FFD000FBB2F;
			remoteInfo = MusicVideo;
		};
/* End PBXContainerItemProxy section */

/* Begin PBXFileReference section */
		7A967EAA1CE66FFD000FBB2F /* MusicVideo.app */ = {isa = PBXFileReference; explicitFileType = wrapper.application; includeInIndex = 0; path = MusicVideo.app; sourceTree = BUILT_PRODUCTS_DIR; };
		7A967EAD1CE66FFD000FBB2F /* AppDelegate.swift */ = {isa = PBXFileReference; lastKnownFileType = sourcecode.swift; path = AppDelegate.swift; sourceTree = "<group>"; };
		7A967EAF1CE66FFD000FBB2F /* ViewController.swift */ = {isa = PBXFileReference; lastKnownFileType = sourcecode.swift; path = ViewController.swift; sourceTree = "<group>"; };
		7A967EB21CE66FFD000FBB2F /* Base */ = {isa = PBXFileReference; lastKnownFileType = file.storyboard; name = Base; path = Base.lproj/Main.storyboard; sourceTree = "<group>"; };
		7A967EB41CE66FFD000FBB2F /* Assets.xcassets */ = {isa = PBXFileReference; lastKnownFileType = folder.assetcatalog; path = Assets.xcassets; sourceTree = "<group>"; };
		7A967EB71CE66FFD000FBB2F /* Base */ = {isa = PBXFileReference; lastKnownFileType = file.storyboard; name = Base; path = Base.lproj/LaunchScreen.storyboard; sourceTree = "<group>"; };
		7A967EB91CE66FFD000FBB2F /* Info.plist */ = {isa = PBXFileReference; lastKnownFileType = text.plist.xml; path = Info.plist; sourceTree = "<group>"; };
		7A967EBE1CE66FFD000FBB2F /* MusicVideoTests.xctest */ = {isa = PBXFileReference; explicitFileType = wrapper.cfbundle; includeInIndex = 0; path = MusicVideoTests.xctest; sourceTree = BUILT_PRODUCTS_DIR; };
		7A967EC21CE66FFD000FBB2F /* MusicVideoTests.swift */ = {isa = PBXFileReference; lastKnownFileType = sourcecode.swift; path = MusicVideoTests.swift; sourceTree = "<group>"; };
		7A967EC41CE66FFD000FBB2F /* Info.plist */ = {isa = PBXFileReference; lastKnownFileType = text.plist.xml; path = Info.plist; sourceTree = "<group>"; };
		7A967EC91CE66FFD000FBB2F /* MusicVideoUITests.xctest */ = {isa = PBXFileReference; explicitFileType = wrapper.cfbundle; includeInIndex = 0; path = MusicVideoUITests.xctest; sourceTree = BUILT_PRODUCTS_DIR; };
		7A967ECD1CE66FFD000FBB2F /* MusicVideoUITests.swift */ = {isa = PBXFileReference; lastKnownFileType = sourcecode.swift; path = MusicVideoUITests.swift; sourceTree = "<group>"; };
		7A967ECF1CE66FFD000FBB2F /* Info.plist */ = {isa = PBXFileReference; lastKnownFileType = text.plist.xml; path = Info.plist; sourceTree = "<group>"; };
		7A967EDF1CE7049D000FBB2F /* APIManager.swift */ = {isa = PBXFileReference; fileEncoding = 4; lastKnownFileType = sourcecode.swift; path = APIManager.swift; sourceTree = "<group>"; };
		7A967EE21CE7119F000FBB2F /* Constants.swift */ = {isa = PBXFileReference; fileEncoding = 4; lastKnownFileType = sourcecode.swift; path = Constants.swift; sourceTree = "<group>"; };
		7A967EE41CE71340000FBB2F /* MusicVideo.swift */ = {isa = PBXFileReference; fileEncoding = 4; lastKnownFileType = sourcecode.swift; path = MusicVideo.swift; sourceTree = "<group>"; };
		7A967EE71CE72571000FBB2F /* MusicVideo-Bridging-Header.h */ = {isa = PBXFileReference; lastKnownFileType = sourcecode.c.h; path = "MusicVideo-Bridging-Header.h"; sourceTree = "<group>"; };
		7A967EE81CE72571000FBB2F /* Reachability.h */ = {isa = PBXFileReference; fileEncoding = 4; lastKnownFileType = sourcecode.c.h; path = Reachability.h; sourceTree = "<group>"; };
		7A967EE91CE72571000FBB2F /* Reachability.m */ = {isa = PBXFileReference; fileEncoding = 4; lastKnownFileType = sourcecode.c.objc; path = Reachability.m; sourceTree = "<group>"; };
		7A967EEB1CE73EDF000FBB2F /* MusicVideoTVC.swift */ = {isa = PBXFileReference; fileEncoding = 4; lastKnownFileType = sourcecode.swift; path = MusicVideoTVC.swift; sourceTree = "<group>"; };
		7A967EED1CE7563A000FBB2F /* MusicVideoTableViewCell.swift */ = {isa = PBXFileReference; fileEncoding = 4; lastKnownFileType = sourcecode.swift; path = MusicVideoTableViewCell.swift; sourceTree = "<group>"; };
/* End PBXFileReference section */

/* Begin PBXFrameworksBuildPhase section */
		7A967EA71CE66FFD000FBB2F /* Frameworks */ = {
			isa = PBXFrameworksBuildPhase;
			buildActionMask = 2147483647;
			files = (
			);
			runOnlyForDeploymentPostprocessing = 0;
		};
		7A967EBB1CE66FFD000FBB2F /* Frameworks */ = {
			isa = PBXFrameworksBuildPhase;
			buildActionMask = 2147483647;
			files = (
			);
			runOnlyForDeploymentPostprocessing = 0;
		};
		7A967EC61CE66FFD000FBB2F /* Frameworks */ = {
			isa = PBXFrameworksBuildPhase;
			buildActionMask = 2147483647;
			files = (
			);
			runOnlyForDeploymentPostprocessing = 0;
		};
/* End PBXFrameworksBuildPhase section */

/* Begin PBXGroup section */
		7A967EA11CE66FFD000FBB2F = {
			isa = PBXGroup;
			children = (
				7A967EAC1CE66FFD000FBB2F /* MusicVideo */,
				7A967EC11CE66FFD000FBB2F /* MusicVideoTests */,
				7A967ECC1CE66FFD000FBB2F /* MusicVideoUITests */,
				7A967EAB1CE66FFD000FBB2F /* Products */,
			);
			sourceTree = "<group>";
		};
		7A967EAB1CE66FFD000FBB2F /* Products */ = {
			isa = PBXGroup;
			children = (
				7A967EAA1CE66FFD000FBB2F /* MusicVideo.app */,
				7A967EBE1CE66FFD000FBB2F /* MusicVideoTests.xctest */,
				7A967EC91CE66FFD000FBB2F /* MusicVideoUITests.xctest */,
			);
			name = Products;
			sourceTree = "<group>";
		};
		7A967EAC1CE66FFD000FBB2F /* MusicVideo */ = {
			isa = PBXGroup;
			children = (
				7A967EE61CE724E7000FBB2F /* Obj-c */,
				7A967EE11CE7118B000FBB2F /* Utils */,
				7A967EDE1CE7016A000FBB2F /* Supporting Files */,
				7A967EDB1CE70102000FBB2F /* Model */,
				7A967EDC1CE70113000FBB2F /* Controller */,
				7A967EDD1CE70122000FBB2F /* View */,
			);
			path = MusicVideo;
			sourceTree = "<group>";
		};
		7A967EC11CE66FFD000FBB2F /* MusicVideoTests */ = {
			isa = PBXGroup;
			children = (
				7A967EC21CE66FFD000FBB2F /* MusicVideoTests.swift */,
				7A967EC41CE66FFD000FBB2F /* Info.plist */,
			);
			path = MusicVideoTests;
			sourceTree = "<group>";
		};
		7A967ECC1CE66FFD000FBB2F /* MusicVideoUITests */ = {
			isa = PBXGroup;
			children = (
				7A967ECD1CE66FFD000FBB2F /* MusicVideoUITests.swift */,
				7A967ECF1CE66FFD000FBB2F /* Info.plist */,
			);
			path = MusicVideoUITests;
			sourceTree = "<group>";
		};
		7A967EDB1CE70102000FBB2F /* Model */ = {
			isa = PBXGroup;
			children = (
				7A967EE41CE71340000FBB2F /* MusicVideo.swift */,
				7A967EDF1CE7049D000FBB2F /* APIManager.swift */,
			);
			name = Model;
			sourceTree = "<group>";
		};
		7A967EDC1CE70113000FBB2F /* Controller */ = {
			isa = PBXGroup;
			children = (
				7A967EEB1CE73EDF000FBB2F /* MusicVideoTVC.swift */,
				7A967EED1CE7563A000FBB2F /* MusicVideoTableViewCell.swift */,
				7A967EAF1CE66FFD000FBB2F /* ViewController.swift */,
			);
			name = Controller;
			sourceTree = "<group>";
		};
		7A967EDD1CE70122000FBB2F /* View */ = {
			isa = PBXGroup;
			children = (
				7A967EB11CE66FFD000FBB2F /* Main.storyboard */,
				7A967EB61CE66FFD000FBB2F /* LaunchScreen.storyboard */,
			);
			name = View;
			sourceTree = "<group>";
		};
		7A967EDE1CE7016A000FBB2F /* Supporting Files */ = {
			isa = PBXGroup;
			children = (
				7A967EB41CE66FFD000FBB2F /* Assets.xcassets */,
				7A967EB91CE66FFD000FBB2F /* Info.plist */,
				7A967EAD1CE66FFD000FBB2F /* AppDelegate.swift */,
			);
			name = "Supporting Files";
			sourceTree = "<group>";
		};
		7A967EE11CE7118B000FBB2F /* Utils */ = {
			isa = PBXGroup;
			children = (
				7A967EE21CE7119F000FBB2F /* Constants.swift */,
			);
			name = Utils;
			sourceTree = "<group>";
		};
		7A967EE61CE724E7000FBB2F /* Obj-c */ = {
			isa = PBXGroup;
			children = (
				7A967EE81CE72571000FBB2F /* Reachability.h */,
				7A967EE91CE72571000FBB2F /* Reachability.m */,
				7A967EE71CE72571000FBB2F /* MusicVideo-Bridging-Header.h */,
			);
			name = "Obj-c";
			sourceTree = "<group>";
		};
/* End PBXGroup section */

/* Begin PBXNativeTarget section */
		7A967EA91CE66FFD000FBB2F /* MusicVideo */ = {
			isa = PBXNativeTarget;
			buildConfigurationList = 7A967ED21CE66FFD000FBB2F /* Build configuration list for PBXNativeTarget "MusicVideo" */;
			buildPhases = (
				7A967EA61CE66FFD000FBB2F /* Sources */,
				7A967EA71CE66FFD000FBB2F /* Frameworks */,
				7A967EA81CE66FFD000FBB2F /* Resources */,
			);
			buildRules = (
			);
			dependencies = (
			);
			name = MusicVideo;
			productName = MusicVideo;
			productReference = 7A967EAA1CE66FFD000FBB2F /* MusicVideo.app */;
			productType = "com.apple.product-type.application";
		};
		7A967EBD1CE66FFD000FBB2F /* MusicVideoTests */ = {
			isa = PBXNativeTarget;
			buildConfigurationList = 7A967ED51CE66FFD000FBB2F /* Build configuration list for PBXNativeTarget "MusicVideoTests" */;
			buildPhases = (
				7A967EBA1CE66FFD000FBB2F /* Sources */,
				7A967EBB1CE66FFD000FBB2F /* Frameworks */,
				7A967EBC1CE66FFD000FBB2F /* Resources */,
			);
			buildRules = (
			);
			dependencies = (
				7A967EC01CE66FFD000FBB2F /* PBXTargetDependency */,
			);
			name = MusicVideoTests;
			productName = MusicVideoTests;
			productReference = 7A967EBE1CE66FFD000FBB2F /* MusicVideoTests.xctest */;
			productType = "com.apple.product-type.bundle.unit-test";
		};
		7A967EC81CE66FFD000FBB2F /* MusicVideoUITests */ = {
			isa = PBXNativeTarget;
			buildConfigurationList = 7A967ED81CE66FFD000FBB2F /* Build configuration list for PBXNativeTarget "MusicVideoUITests" */;
			buildPhases = (
				7A967EC51CE66FFD000FBB2F /* Sources */,
				7A967EC61CE66FFD000FBB2F /* Frameworks */,
				7A967EC71CE66FFD000FBB2F /* Resources */,
			);
			buildRules = (
			);
			dependencies = (
				7A967ECB1CE66FFD000FBB2F /* PBXTargetDependency */,
			);
			name = MusicVideoUITests;
			productName = MusicVideoUITests;
			productReference = 7A967EC91CE66FFD000FBB2F /* MusicVideoUITests.xctest */;
			productType = "com.apple.product-type.bundle.ui-testing";
		};
/* End PBXNativeTarget section */

/* Begin PBXProject section */
		7A967EA21CE66FFD000FBB2F /* Project object */ = {
			isa = PBXProject;
			attributes = {
				LastSwiftUpdateCheck = 0730;
				LastUpgradeCheck = 0730;
				ORGANIZATIONNAME = "Francesco Biegi";
				TargetAttributes = {
					7A967EA91CE66FFD000FBB2F = {
						CreatedOnToolsVersion = 7.3.1;
						DevelopmentTeam = 2U6459977Z;
					};
					7A967EBD1CE66FFD000FBB2F = {
						CreatedOnToolsVersion = 7.3.1;
						DevelopmentTeam = 2U6459977Z;
						TestTargetID = 7A967EA91CE66FFD000FBB2F;
					};
					7A967EC81CE66FFD000FBB2F = {
						CreatedOnToolsVersion = 7.3.1;
						DevelopmentTeam = 2U6459977Z;
						TestTargetID = 7A967EA91CE66FFD000FBB2F;
					};
				};
			};
			buildConfigurationList = 7A967EA51CE66FFD000FBB2F /* Build configuration list for PBXProject "MusicVideo" */;
			compatibilityVersion = "Xcode 3.2";
			developmentRegion = English;
			hasScannedForEncodings = 0;
			knownRegions = (
				en,
				Base,
			);
			mainGroup = 7A967EA11CE66FFD000FBB2F;
			productRefGroup = 7A967EAB1CE66FFD000FBB2F /* Products */;
			projectDirPath = "";
			projectRoot = "";
			targets = (
				7A967EA91CE66FFD000FBB2F /* MusicVideo */,
				7A967EBD1CE66FFD000FBB2F /* MusicVideoTests */,
				7A967EC81CE66FFD000FBB2F /* MusicVideoUITests */,
			);
		};
/* End PBXProject section */

/* Begin PBXResourcesBuildPhase section */
		7A967EA81CE66FFD000FBB2F /* Resources */ = {
			isa = PBXResourcesBuildPhase;
			buildActionMask = 2147483647;
			files = (
				7A967EB81CE66FFD000FBB2F /* LaunchScreen.storyboard in Resources */,
				7A967EB51CE66FFD000FBB2F /* Assets.xcassets in Resources */,
				7A967EB31CE66FFD000FBB2F /* Main.storyboard in Resources */,
			);
			runOnlyForDeploymentPostprocessing = 0;
		};
		7A967EBC1CE66FFD000FBB2F /* Resources */ = {
			isa = PBXResourcesBuildPhase;
			buildActionMask = 2147483647;
			files = (
			);
			runOnlyForDeploymentPostprocessing = 0;
		};
		7A967EC71CE66FFD000FBB2F /* Resources */ = {
			isa = PBXResourcesBuildPhase;
			buildActionMask = 2147483647;
			files = (
			);
			runOnlyForDeploymentPostprocessing = 0;
		};
/* End PBXResourcesBuildPhase section */

/* Begin PBXSourcesBuildPhase section */
		7A967EA61CE66FFD000FBB2F /* Sources */ = {
			isa = PBXSourcesBuildPhase;
			buildActionMask = 2147483647;
			files = (
				7A967EE01CE7049D000FBB2F /* APIManager.swift in Sources */,
				7A967EB01CE66FFD000FBB2F /* ViewController.swift in Sources */,
				7A967EE51CE71340000FBB2F /* MusicVideo.swift in Sources */,
				7A967EEE1CE7563A000FBB2F /* MusicVideoTableViewCell.swift in Sources */,
				7A967EAE1CE66FFD000FBB2F /* AppDelegate.swift in Sources */,
				7A967EEA1CE72571000FBB2F /* Reachability.m in Sources */,
				7A967EE31CE7119F000FBB2F /* Constants.swift in Sources */,
				7A967EEC1CE73EDF000FBB2F /* MusicVideoTVC.swift in Sources */,
			);
			runOnlyForDeploymentPostprocessing = 0;
		};
		7A967EBA1CE66FFD000FBB2F /* Sources */ = {
			isa = PBXSourcesBuildPhase;
			buildActionMask = 2147483647;
			files = (
				7A967EC31CE66FFD000FBB2F /* MusicVideoTests.swift in Sources */,
			);
			runOnlyForDeploymentPostprocessing = 0;
		};
		7A967EC51CE66FFD000FBB2F /* Sources */ = {
			isa = PBXSourcesBuildPhase;
			buildActionMask = 2147483647;
			files = (
				7A967ECE1CE66FFD000FBB2F /* MusicVideoUITests.swift in Sources */,
			);
			runOnlyForDeploymentPostprocessing = 0;
		};
/* End PBXSourcesBuildPhase section */

/* Begin PBXTargetDependency section */
		7A967EC01CE66FFD000FBB2F /* PBXTargetDependency */ = {
			isa = PBXTargetDependency;
			target = 7A967EA91CE66FFD000FBB2F /* MusicVideo */;
			targetProxy = 7A967EBF1CE66FFD000FBB2F /* PBXContainerItemProxy */;
		};
		7A967ECB1CE66FFD000FBB2F /* PBXTargetDependency */ = {
			isa = PBXTargetDependency;
			target = 7A967EA91CE66FFD000FBB2F /* MusicVideo */;
			targetProxy = 7A967ECA1CE66FFD000FBB2F /* PBXContainerItemProxy */;
		};
/* End PBXTargetDependency section */

/* Begin PBXVariantGroup section */
		7A967EB11CE66FFD000FBB2F /* Main.storyboard */ = {
			isa = PBXVariantGroup;
			children = (
				7A967EB21CE66FFD000FBB2F /* Base */,
			);
			name = Main.storyboard;
			sourceTree = "<group>";
		};
		7A967EB61CE66FFD000FBB2F /* LaunchScreen.storyboard */ = {
			isa = PBXVariantGroup;
			children = (
				7A967EB71CE66FFD000FBB2F /* Base */,
			);
			name = LaunchScreen.storyboard;
			sourceTree = "<group>";
		};
/* End PBXVariantGroup section */

/* Begin XCBuildConfiguration section */
		7A967ED01CE66FFD000FBB2F /* Debug */ = {
			isa = XCBuildConfiguration;
			buildSettings = {
				ALWAYS_SEARCH_USER_PATHS = NO;
				CLANG_ANALYZER_NONNULL = YES;
				CLANG_CXX_LANGUAGE_STANDARD = "gnu++0x";
				CLANG_CXX_LIBRARY = "libc++";
				CLANG_ENABLE_MODULES = YES;
				CLANG_ENABLE_OBJC_ARC = YES;
				CLANG_WARN_BOOL_CONVERSION = YES;
				CLANG_WARN_CONSTANT_CONVERSION = YES;
				CLANG_WARN_DIRECT_OBJC_ISA_USAGE = YES_ERROR;
				CLANG_WARN_EMPTY_BODY = YES;
				CLANG_WARN_ENUM_CONVERSION = YES;
				CLANG_WARN_INT_CONVERSION = YES;
				CLANG_WARN_OBJC_ROOT_CLASS = YES_ERROR;
				CLANG_WARN_UNREACHABLE_CODE = YES;
				CLANG_WARN__DUPLICATE_METHOD_MATCH = YES;
				"CODE_SIGN_IDENTITY[sdk=iphoneos*]" = "iPhone Developer";
				COPY_PHASE_STRIP = NO;
				DEBUG_INFORMATION_FORMAT = dwarf;
				ENABLE_STRICT_OBJC_MSGSEND = YES;
				ENABLE_TESTABILITY = YES;
				GCC_C_LANGUAGE_STANDARD = gnu99;
				GCC_DYNAMIC_NO_PIC = NO;
				GCC_NO_COMMON_BLOCKS = YES;
				GCC_OPTIMIZATION_LEVEL = 0;
				GCC_PREPROCESSOR_DEFINITIONS = (
					"DEBUG=1",
					"$(inherited)",
				);
				GCC_WARN_64_TO_32_BIT_CONVERSION = YES;
				GCC_WARN_ABOUT_RETURN_TYPE = YES_ERROR;
				GCC_WARN_UNDECLARED_SELECTOR = YES;
				GCC_WARN_UNINITIALIZED_AUTOS = YES_AGGRESSIVE;
				GCC_WARN_UNUSED_FUNCTION = YES;
				GCC_WARN_UNUSED_VARIABLE = YES;
				IPHONEOS_DEPLOYMENT_TARGET = 9.3;
				MTL_ENABLE_DEBUG_INFO = YES;
				ONLY_ACTIVE_ARCH = YES;
				SDKROOT = iphoneos;
				SWIFT_OPTIMIZATION_LEVEL = "-Onone";
				TARGETED_DEVICE_FAMILY = "1,2";
			};
			name = Debug;
		};
		7A967ED11CE66FFD000FBB2F /* Release */ = {
			isa = XCBuildConfiguration;
			buildSettings = {
				ALWAYS_SEARCH_USER_PATHS = NO;
				CLANG_ANALYZER_NONNULL = YES;
				CLANG_CXX_LANGUAGE_STANDARD = "gnu++0x";
				CLANG_CXX_LIBRARY = "libc++";
				CLANG_ENABLE_MODULES = YES;
				CLANG_ENABLE_OBJC_ARC = YES;
				CLANG_WARN_BOOL_CONVERSION = YES;
				CLANG_WARN_CONSTANT_CONVERSION = YES;
				CLANG_WARN_DIRECT_OBJC_ISA_USAGE = YES_ERROR;
				CLANG_WARN_EMPTY_BODY = YES;
				CLANG_WARN_ENUM_CONVERSION = YES;
				CLANG_WARN_INT_CONVERSION = YES;
				CLANG_WARN_OBJC_ROOT_CLASS = YES_ERROR;
				CLANG_WARN_UNREACHABLE_CODE = YES;
				CLANG_WARN__DUPLICATE_METHOD_MATCH = YES;
				"CODE_SIGN_IDENTITY[sdk=iphoneos*]" = "iPhone Developer";
				COPY_PHASE_STRIP = NO;
				DEBUG_INFORMATION_FORMAT = "dwarf-with-dsym";
				ENABLE_NS_ASSERTIONS = NO;
				ENABLE_STRICT_OBJC_MSGSEND = YES;
				GCC_C_LANGUAGE_STANDARD = gnu99;
				GCC_NO_COMMON_BLOCKS = YES;
				GCC_WARN_64_TO_32_BIT_CONVERSION = YES;
				GCC_WARN_ABOUT_RETURN_TYPE = YES_ERROR;
				GCC_WARN_UNDECLARED_SELECTOR = YES;
				GCC_WARN_UNINITIALIZED_AUTOS = YES_AGGRESSIVE;
				GCC_WARN_UNUSED_FUNCTION = YES;
				GCC_WARN_UNUSED_VARIABLE = YES;
				IPHONEOS_DEPLOYMENT_TARGET = 9.3;
				MTL_ENABLE_DEBUG_INFO = NO;
				SDKROOT = iphoneos;
				TARGETED_DEVICE_FAMILY = "1,2";
				VALIDATE_PRODUCT = YES;
			};
			name = Release;
		};
		7A967ED31CE66FFD000FBB2F /* Debug */ = {
			isa = XCBuildConfiguration;
			buildSettings = {
				ASSETCATALOG_COMPILER_APPICON_NAME = AppIcon;
				CLANG_ENABLE_MODULES = YES;
				INFOPLIST_FILE = MusicVideo/Info.plist;
				LD_RUNPATH_SEARCH_PATHS = "$(inherited) @executable_path/Frameworks";
				PRODUCT_BUNDLE_IDENTIFIER = it.dirimologistika.MusicVideo;
				PRODUCT_NAME = "$(TARGET_NAME)";
				SWIFT_OBJC_BRIDGING_HEADER = "MusicVideo/MusicVideo-Bridging-Header.h";
				SWIFT_OPTIMIZATION_LEVEL = "-Onone";
			};
			name = Debug;
		};
		7A967ED41CE66FFD000FBB2F /* Release */ = {
			isa = XCBuildConfiguration;
			buildSettings = {
				ASSETCATALOG_COMPILER_APPICON_NAME = AppIcon;
				CLANG_ENABLE_MODULES = YES;
				INFOPLIST_FILE = MusicVideo/Info.plist;
				LD_RUNPATH_SEARCH_PATHS = "$(inherited) @executable_path/Frameworks";
				PRODUCT_BUNDLE_IDENTIFIER = it.dirimologistika.MusicVideo;
				PRODUCT_NAME = "$(TARGET_NAME)";
				SWIFT_OBJC_BRIDGING_HEADER = "MusicVideo/MusicVideo-Bridging-Header.h";
			};
			name = Release;
		};
		7A967ED61CE66FFD000FBB2F /* Debug */ = {
			isa = XCBuildConfiguration;
			buildSettings = {
				BUNDLE_LOADER = "$(TEST_HOST)";
				INFOPLIST_FILE = MusicVideoTests/Info.plist;
				LD_RUNPATH_SEARCH_PATHS = "$(inherited) @executable_path/Frameworks @loader_path/Frameworks";
				PRODUCT_BUNDLE_IDENTIFIER = it.dirimologistika.MusicVideoTests;
				PRODUCT_NAME = "$(TARGET_NAME)";
				TEST_HOST = "$(BUILT_PRODUCTS_DIR)/MusicVideo.app/MusicVideo";
			};
			name = Debug;
		};
		7A967ED71CE66FFD000FBB2F /* Release */ = {
			isa = XCBuildConfiguration;
			buildSettings = {
				BUNDLE_LOADER = "$(TEST_HOST)";
				INFOPLIST_FILE = MusicVideoTests/Info.plist;
				LD_RUNPATH_SEARCH_PATHS = "$(inherited) @executable_path/Frameworks @loader_path/Frameworks";
				PRODUCT_BUNDLE_IDENTIFIER = it.dirimologistika.MusicVideoTests;
				PRODUCT_NAME = "$(TARGET_NAME)";
				TEST_HOST = "$(BUILT_PRODUCTS_DIR)/MusicVideo.app/MusicVideo";
			};
			name = Release;
		};
		7A967ED91CE66FFD000FBB2F /* Debug */ = {
			isa = XCBuildConfiguration;
			buildSettings = {
				INFOPLIST_FILE = MusicVideoUITests/Info.plist;
				LD_RUNPATH_SEARCH_PATHS = "$(inherited) @executable_path/Frameworks @loader_path/Frameworks";
				PRODUCT_BUNDLE_IDENTIFIER = it.dirimologistika.MusicVideoUITests;
				PRODUCT_NAME = "$(TARGET_NAME)";
				TEST_TARGET_NAME = MusicVideo;
			};
			name = Debug;
		};
		7A967EDA1CE66FFD000FBB2F /* Release */ = {
			isa = XCBuildConfiguration;
			buildSettings = {
				INFOPLIST_FILE = MusicVideoUITests/Info.plist;
				LD_RUNPATH_SEARCH_PATHS = "$(inherited) @executable_path/Frameworks @loader_path/Frameworks";
				PRODUCT_BUNDLE_IDENTIFIER = it.dirimologistika.MusicVideoUITests;
				PRODUCT_NAME = "$(TARGET_NAME)";
				TEST_TARGET_NAME = MusicVideo;
			};
			name = Release;
		};
/* End XCBuildConfiguration section */

/* Begin XCConfigurationList section */
		7A967EA51CE66FFD000FBB2F /* Build configuration list for PBXProject "MusicVideo" */ = {
			isa = XCConfigurationList;
			buildConfigurations = (
				7A967ED01CE66FFD000FBB2F /* Debug */,
				7A967ED11CE66FFD000FBB2F /* Release */,
			);
			defaultConfigurationIsVisible = 0;
			defaultConfigurationName = Release;
		};
		7A967ED21CE66FFD000FBB2F /* Build configuration list for PBXNativeTarget "MusicVideo" */ = {
			isa = XCConfigurationList;
			buildConfigurations = (
				7A967ED31CE66FFD000FBB2F /* Debug */,
				7A967ED41CE66FFD000FBB2F /* Release */,
			);
			defaultConfigurationIsVisible = 0;
		};
		7A967ED51CE66FFD000FBB2F /* Build configuration list for PBXNativeTarget "MusicVideoTests" */ = {
			isa = XCConfigurationList;
			buildConfigurations = (
				7A967ED61CE66FFD000FBB2F /* Debug */,
				7A967ED71CE66FFD000FBB2F /* Release */,
			);
			defaultConfigurationIsVisible = 0;
		};
		7A967ED81CE66FFD000FBB2F /* Build configuration list for PBXNativeTarget "MusicVideoUITests" */ = {
			isa = XCConfigurationList;
			buildConfigurations = (
				7A967ED91CE66FFD000FBB2F /* Debug */,
				7A967EDA1CE66FFD000FBB2F /* Release */,
			);
			defaultConfigurationIsVisible = 0;
		};
/* End XCConfigurationList section */
	};
	rootObject = 7A967EA21CE66FFD000FBB2F /* Project object */;
}
